
Microsoft Visual Studio Solution File, Format Version 12.00
# Visual Studio Version 17
VisualStudioVersion = 17.7.34031.279
MinimumVisualStudioVersion = 10.0.40219.1
Project("{FAE04EC0-301F-11D3-BF4B-00C04F79EFBC}") = "23.1News", "23.1News\23.1News.csproj", "{94BC07ED-E06D-4B9B-BB39-C9793E3763C9}"
EndProject
Global
	GlobalSection(SolutionConfigurationPlatforms) = preSolution
		Debug|Any CPU = Debug|Any CPU
		Release|Any CPU = Release|Any CPU
	EndGlobalSection
	GlobalSection(ProjectConfigurationPlatforms) = postSolution
		{94BC07ED-E06D-4B9B-BB39-C9793E3763C9}.Debug|Any CPU.ActiveCfg = Debug|Any CPU
		{94BC07ED-E06D-4B9B-BB39-C9793E3763C9}.Debug|Any CPU.Build.0 = Debug|Any CPU
		{94BC07ED-E06D-4B9B-BB39-C9793E3763C9}.Release|Any CPU.ActiveCfg = Release|Any CPU
		{94BC07ED-E06D-4B9B-BB39-C9793E3763C9}.Release|Any CPU.Build.0 = Release|Any CPU
	EndGlobalSection
	GlobalSection(SolutionProperties) = preSolution
		HideSolutionNode = FALSE
	EndGlobalSection
	GlobalSection(ExtensibilityGlobals) = postSolution
		SolutionGuid = {A7E1BAC9-B885-41EF-ABDA-145F14092E73}
	EndGlobalSection
EndGlobal
