
Microsoft Visual Studio Solution File, Format Version 12.00
# Visual Studio Version 17
VisualStudioVersion = 17.7.34031.279
MinimumVisualStudioVersion = 10.0.40219.1
Project("{9A19103F-16F7-4668-BE54-9A1E7A4F7556}") = "23.1News", "23.1News\23.1News.csproj", "{94BC07ED-E06D-4B9B-BB39-C9793E3763C9}"
EndProject
Project("{9A19103F-16F7-4668-BE54-9A1E7A4F7556}") = "ResizeBlob", "ResizeBlob\ResizeBlob.csproj", "{ADA383B2-0FD9-4052-AC3A-11994FE812DA}"
EndProject
Project("{9A19103F-16F7-4668-BE54-9A1E7A4F7556}") = "ArchiveNews", "ArchiveNews\ArchiveNews.csproj", "{A6857ECB-4612-49BE-A994-DDFA84302C99}"
EndProject
Project("{9A19103F-16F7-4668-BE54-9A1E7A4F7556}") = "NewsLetterToQueue", "NewsLetterToQueue\NewsLetterToQueue.csproj", "{6D369114-D9A3-4583-929E-8572CF8042ED}"
EndProject
Project("{9A19103F-16F7-4668-BE54-9A1E7A4F7556}") = "SendGridNewsLetter", "SendGridNewsLetter\SendGridNewsLetter.csproj", "{E23F59DE-2118-4F66-BFB1-87A5CD06CFC0}"
EndProject
Project("{9A19103F-16F7-4668-BE54-9A1E7A4F7556}") = "QueueTrigger_SocketLabs", "QueueTrigger_SocketLabs\QueueTrigger_SocketLabs.csproj", "{2C424D28-6736-449E-BCB5-2656679C78C6}"
EndProject
Project("{9A19103F-16F7-4668-BE54-9A1E7A4F7556}") = "QueueTrigger", "QueueTrigger\QueueTrigger.csproj", "{9117A64A-9A48-4950-A65E-751C83D67598}"
EndProject
Project("{9A19103F-16F7-4668-BE54-9A1E7A4F7556}") = "ExpireEmail", "ExpireEmail\ExpireEmail.csproj", "{AE384011-7A0F-4C29-81BE-12A166830FAB}"
EndProject
Project("{FAE04EC0-301F-11D3-BF4B-00C04F79EFBC}") = "CurrencyTable", "CurrencyTable\CurrencyTable.csproj", "{5B86FEAD-C783-44E2-A48A-434E90A1F66A}"
EndProject
Global
	GlobalSection(SolutionConfigurationPlatforms) = preSolution
		Debug|Any CPU = Debug|Any CPU
		Release|Any CPU = Release|Any CPU
	EndGlobalSection
	GlobalSection(ProjectConfigurationPlatforms) = postSolution
		{94BC07ED-E06D-4B9B-BB39-C9793E3763C9}.Debug|Any CPU.ActiveCfg = Debug|Any CPU
		{94BC07ED-E06D-4B9B-BB39-C9793E3763C9}.Debug|Any CPU.Build.0 = Debug|Any CPU
		{94BC07ED-E06D-4B9B-BB39-C9793E3763C9}.Release|Any CPU.ActiveCfg = Release|Any CPU
		{94BC07ED-E06D-4B9B-BB39-C9793E3763C9}.Release|Any CPU.Build.0 = Release|Any CPU
		{ADA383B2-0FD9-4052-AC3A-11994FE812DA}.Debug|Any CPU.ActiveCfg = Debug|Any CPU
		{ADA383B2-0FD9-4052-AC3A-11994FE812DA}.Debug|Any CPU.Build.0 = Debug|Any CPU
		{ADA383B2-0FD9-4052-AC3A-11994FE812DA}.Release|Any CPU.ActiveCfg = Release|Any CPU
		{ADA383B2-0FD9-4052-AC3A-11994FE812DA}.Release|Any CPU.Build.0 = Release|Any CPU
		{A6857ECB-4612-49BE-A994-DDFA84302C99}.Debug|Any CPU.ActiveCfg = Debug|Any CPU
		{A6857ECB-4612-49BE-A994-DDFA84302C99}.Debug|Any CPU.Build.0 = Debug|Any CPU
		{A6857ECB-4612-49BE-A994-DDFA84302C99}.Release|Any CPU.ActiveCfg = Release|Any CPU
		{A6857ECB-4612-49BE-A994-DDFA84302C99}.Release|Any CPU.Build.0 = Release|Any CPU
		{6D369114-D9A3-4583-929E-8572CF8042ED}.Debug|Any CPU.ActiveCfg = Debug|Any CPU
		{6D369114-D9A3-4583-929E-8572CF8042ED}.Debug|Any CPU.Build.0 = Debug|Any CPU
		{6D369114-D9A3-4583-929E-8572CF8042ED}.Release|Any CPU.ActiveCfg = Release|Any CPU
		{6D369114-D9A3-4583-929E-8572CF8042ED}.Release|Any CPU.Build.0 = Release|Any CPU
		{E23F59DE-2118-4F66-BFB1-87A5CD06CFC0}.Debug|Any CPU.ActiveCfg = Debug|Any CPU
		{E23F59DE-2118-4F66-BFB1-87A5CD06CFC0}.Debug|Any CPU.Build.0 = Debug|Any CPU
		{E23F59DE-2118-4F66-BFB1-87A5CD06CFC0}.Release|Any CPU.ActiveCfg = Release|Any CPU
		{E23F59DE-2118-4F66-BFB1-87A5CD06CFC0}.Release|Any CPU.Build.0 = Release|Any CPU
		{2C424D28-6736-449E-BCB5-2656679C78C6}.Debug|Any CPU.ActiveCfg = Debug|Any CPU
		{2C424D28-6736-449E-BCB5-2656679C78C6}.Debug|Any CPU.Build.0 = Debug|Any CPU
		{2C424D28-6736-449E-BCB5-2656679C78C6}.Release|Any CPU.ActiveCfg = Release|Any CPU
		{2C424D28-6736-449E-BCB5-2656679C78C6}.Release|Any CPU.Build.0 = Release|Any CPU
		{9117A64A-9A48-4950-A65E-751C83D67598}.Debug|Any CPU.ActiveCfg = Debug|Any CPU
		{9117A64A-9A48-4950-A65E-751C83D67598}.Debug|Any CPU.Build.0 = Debug|Any CPU
		{9117A64A-9A48-4950-A65E-751C83D67598}.Release|Any CPU.ActiveCfg = Release|Any CPU
		{9117A64A-9A48-4950-A65E-751C83D67598}.Release|Any CPU.Build.0 = Release|Any CPU
		{AE384011-7A0F-4C29-81BE-12A166830FAB}.Debug|Any CPU.ActiveCfg = Debug|Any CPU
		{AE384011-7A0F-4C29-81BE-12A166830FAB}.Debug|Any CPU.Build.0 = Debug|Any CPU
		{AE384011-7A0F-4C29-81BE-12A166830FAB}.Release|Any CPU.ActiveCfg = Release|Any CPU
		{AE384011-7A0F-4C29-81BE-12A166830FAB}.Release|Any CPU.Build.0 = Release|Any CPU
		{5B86FEAD-C783-44E2-A48A-434E90A1F66A}.Debug|Any CPU.ActiveCfg = Debug|Any CPU
		{5B86FEAD-C783-44E2-A48A-434E90A1F66A}.Debug|Any CPU.Build.0 = Debug|Any CPU
		{5B86FEAD-C783-44E2-A48A-434E90A1F66A}.Release|Any CPU.ActiveCfg = Release|Any CPU
		{5B86FEAD-C783-44E2-A48A-434E90A1F66A}.Release|Any CPU.Build.0 = Release|Any CPU
	EndGlobalSection
	GlobalSection(SolutionProperties) = preSolution
		HideSolutionNode = FALSE
	EndGlobalSection
	GlobalSection(ExtensibilityGlobals) = postSolution
		SolutionGuid = {A7E1BAC9-B885-41EF-ABDA-145F14092E73}
	EndGlobalSection
EndGlobal
